
Microsoft Visual Studio Solution File, Format Version 12.00
# Visual Studio Version 17
VisualStudioVersion = 17.12.35707.178
MinimumVisualStudioVersion = 10.0.40219.1
Project("{FAE04EC0-301F-11D3-BF4B-00C04F79EFBC}") = "ASP.NET_CORE_MangoDB", "ASP.NET_CORE_MangoDB\ASP.NET_CORE_MangoDB.csproj", "{B9A5201C-C5C5-472A-81AE-DAC6DB5A22C4}"
EndProject
Project("{FAE04EC0-301F-11D3-BF4B-00C04F79EFBC}") = "TestProject1", "TestProject1\TestProject1.csproj", "{C084EFD2-0208-48F6-99A2-A5E769C64216}"
EndProject
Global
	GlobalSection(SolutionConfigurationPlatforms) = preSolution
		Debug|Any CPU = Debug|Any CPU
		Release|Any CPU = Release|Any CPU
	EndGlobalSection
	GlobalSection(ProjectConfigurationPlatforms) = postSolution
		{B9A5201C-C5C5-472A-81AE-DAC6DB5A22C4}.Debug|Any CPU.ActiveCfg = Debug|Any CPU
		{B9A5201C-C5C5-472A-81AE-DAC6DB5A22C4}.Debug|Any CPU.Build.0 = Debug|Any CPU
		{B9A5201C-C5C5-472A-81AE-DAC6DB5A22C4}.Release|Any CPU.ActiveCfg = Release|Any CPU
		{B9A5201C-C5C5-472A-81AE-DAC6DB5A22C4}.Release|Any CPU.Build.0 = Release|Any CPU
		{C084EFD2-0208-48F6-99A2-A5E769C64216}.Debug|Any CPU.ActiveCfg = Debug|Any CPU
		{C084EFD2-0208-48F6-99A2-A5E769C64216}.Debug|Any CPU.Build.0 = Debug|Any CPU
		{C084EFD2-0208-48F6-99A2-A5E769C64216}.Release|Any CPU.ActiveCfg = Release|Any CPU
		{C084EFD2-0208-48F6-99A2-A5E769C64216}.Release|Any CPU.Build.0 = Release|Any CPU
	EndGlobalSection
	GlobalSection(SolutionProperties) = preSolution
		HideSolutionNode = FALSE
	EndGlobalSection
EndGlobal
